
Microsoft Visual Studio Solution File, Format Version 12.00
# Visual Studio Version 17
VisualStudioVersion = 17.5.33516.290
MinimumVisualStudioVersion = 10.0.40219.1
Project("{FAE04EC0-301F-11D3-BF4B-00C04F79EFBC}") = "eTickets", "eTickets.csproj", "{C87E1399-D776-4FF2-964B-A4BBD337BE6E}"
EndProject
Global
	GlobalSection(SolutionConfigurationPlatforms) = preSolution
		Debug|Any CPU = Debug|Any CPU
		Release|Any CPU = Release|Any CPU
	EndGlobalSection
	GlobalSection(ProjectConfigurationPlatforms) = postSolution
		{C87E1399-D776-4FF2-964B-A4BBD337BE6E}.Debug|Any CPU.ActiveCfg = Debug|Any CPU
		{C87E1399-D776-4FF2-964B-A4BBD337BE6E}.Debug|Any CPU.Build.0 = Debug|Any CPU
		{C87E1399-D776-4FF2-964B-A4BBD337BE6E}.Release|Any CPU.ActiveCfg = Release|Any CPU
		{C87E1399-D776-4FF2-964B-A4BBD337BE6E}.Release|Any CPU.Build.0 = Release|Any CPU
	EndGlobalSection
	GlobalSection(SolutionProperties) = preSolution
		HideSolutionNode = FALSE
	EndGlobalSection
	GlobalSection(ExtensibilityGlobals) = postSolution
		SolutionGuid = {326B7AA2-740D-42EA-BF84-BDAF8D50225E}
	EndGlobalSection
EndGlobal
